{
  "name": "node",
  "version": "1.0.0",
  "lockfileVersion": 2,
  "requires": true,
  "packages": {
    "": {
      "name": "node",
      "version": "1.0.0",
      "license": "ISC",
      "dependencies": {
        "realreport-1.2": "npm:realreport@1.2.0",
        "realreport-1.3": "npm:realreport@1.3.3",
        "realreport-1.4": "npm:realreport@1.4.2",
        "realreport-1.5": "npm:realreport@1.5.0"
      }
    },
    "node_modules/highcharts": {
      "version": "10.3.3",
      "resolved": "https://registry.npmjs.org/highcharts/-/highcharts-10.3.3.tgz",
      "integrity": "sha512-r7wgUPQI9tr3jFDn3XT36qsNwEIZYcfgz4mkKEA6E4nn5p86y+u1EZjazIG4TRkl5/gmGRtkBUiZW81g029RIw==",
      "peer": true
    },
    "node_modules/realreport-1.2": {
      "name": "realreport",
      "version": "1.2.0",
      "resolved": "https://registry.npmjs.org/realreport/-/realreport-1.2.0.tgz",
      "integrity": "sha512-VpVP3Jhtx+iaT20SyHwg8y7rLylAgJj28nIaok05QTNSv89fdYdDqKOWSyXpmq+qhKURcH/CqLhCftzvnvLujQ==",
      "peerDependencies": {
        "highcharts": "^10.x"
      }
    },
    "node_modules/realreport-1.3": {
      "name": "realreport",
      "version": "1.3.3",
      "resolved": "https://registry.npmjs.org/realreport/-/realreport-1.3.3.tgz",
      "integrity": "sha512-+f+P6FeJBWSPpWWra/0CX3VF7Tg0b7td9XZ1mJHnwY9tj1d2uabMDCyipxGhmVMWrAd5fQet4nOz+1aT/5EFVQ==",
      "peerDependencies": {
        "highcharts": "^10.x"
      }
    },
    "node_modules/realreport-1.4": {
      "name": "realreport",
      "version": "1.4.2",
      "resolved": "https://registry.npmjs.org/realreport/-/realreport-1.4.2.tgz",
      "integrity": "sha512-IDLuCccqJTNZ6OD/l3OB40K5lgknNlEkj5ce96iJOiq3ocbXRva6/cs3+64SqsQUtOEzbApS0/+b7NGP+Nalag==",
      "peerDependencies": {
        "highcharts": "^10.x"
      }
    },
    "node_modules/realreport-1.5": {
      "name": "realreport",
      "version": "1.5.0",
      "resolved": "https://registry.npmjs.org/realreport/-/realreport-1.5.0.tgz",
      "integrity": "sha512-dXmHqGQEBS7468HZZpCKD3CtRFGICjfWuGulP27pJKzSg9nzSr4uFtKnBUKAgvPZcEukXwcM69kn3uITNa1+Wg==",
      "peerDependencies": {
        "highcharts": "^10.x"
      }
    }
  },
  "dependencies": {
    "highcharts": {
      "version": "10.3.3",
      "resolved": "https://registry.npmjs.org/highcharts/-/highcharts-10.3.3.tgz",
      "integrity": "sha512-r7wgUPQI9tr3jFDn3XT36qsNwEIZYcfgz4mkKEA6E4nn5p86y+u1EZjazIG4TRkl5/gmGRtkBUiZW81g029RIw==",
      "peer": true
    },
    "realreport-1.2": {
      "version": "npm:realreport@1.2.0",
      "resolved": "https://registry.npmjs.org/realreport/-/realreport-1.2.0.tgz",
      "integrity": "sha512-VpVP3Jhtx+iaT20SyHwg8y7rLylAgJj28nIaok05QTNSv89fdYdDqKOWSyXpmq+qhKURcH/CqLhCftzvnvLujQ==",
      "requires": {}
    },
    "realreport-1.3": {
      "version": "npm:realreport@1.3.3",
      "resolved": "https://registry.npmjs.org/realreport/-/realreport-1.3.3.tgz",
      "integrity": "sha512-+f+P6FeJBWSPpWWra/0CX3VF7Tg0b7td9XZ1mJHnwY9tj1d2uabMDCyipxGhmVMWrAd5fQet4nOz+1aT/5EFVQ==",
      "requires": {}
    },
    "realreport-1.4": {
      "version": "npm:realreport@1.4.2",
      "resolved": "https://registry.npmjs.org/realreport/-/realreport-1.4.2.tgz",
      "integrity": "sha512-IDLuCccqJTNZ6OD/l3OB40K5lgknNlEkj5ce96iJOiq3ocbXRva6/cs3+64SqsQUtOEzbApS0/+b7NGP+Nalag==",
      "requires": {}
    },
    "realreport-1.5": {
      "version": "npm:realreport@1.5.0",
      "resolved": "https://registry.npmjs.org/realreport/-/realreport-1.5.0.tgz",
      "integrity": "sha512-dXmHqGQEBS7468HZZpCKD3CtRFGICjfWuGulP27pJKzSg9nzSr4uFtKnBUKAgvPZcEukXwcM69kn3uITNa1+Wg==",
      "requires": {}
    }
  }
}
