{
  "name": "node",
  "version": "1.0.0",
  "lockfileVersion": 1,
  "requires": true,
  "dependencies": {
    "realreport": {
      "version": "1.1.6",
      "resolved": "https://registry.npmjs.org/realreport/-/realreport-1.1.6.tgz",
      "integrity": "sha512-XxRy4JEP7KYgJZgn3+u/tl32w4LKRtKZq0PGh9TQTFwdOVnVkttTXvolBao6jJrEA24oCs8QLoDg9ibaOt8ksQ=="
    }
  }
}
