{
  "name": "node",
  "version": "1.0.0",
  "lockfileVersion": 1,
  "requires": true,
  "dependencies": {
    "realreport": {
      "version": "1.1.1",
      "resolved": "https://registry.npmjs.org/realreport/-/realreport-1.1.1.tgz",
      "integrity": "sha512-ZNVb5Pj3bUz5BTQ81A31LE6OHrpXa7IXUG4NV2elcPk5stmGBcvSBsF9WEcJXUB2XUlsMEQAX+lr1+PcF3WONQ=="
    }
  }
}
